
Microsoft Visual Studio Solution File, Format Version 12.00
# Visual Studio Version 17
VisualStudioVersion = 17.14.36414.22 d17.14
MinimumVisualStudioVersion = 10.0.40219.1
Project("{FAE04EC0-301F-11D3-BF4B-00C04F79EFBC}") = "Bikontrol.API", "Bikontrol.API\Bikontrol.API.csproj", "{907FCD88-B64D-4574-A125-FCC5BF3B57FE}"
EndProject
Global
	GlobalSection(SolutionConfigurationPlatforms) = preSolution
		Debug|Any CPU = Debug|Any CPU
		Release|Any CPU = Release|Any CPU
	EndGlobalSection
	GlobalSection(ProjectConfigurationPlatforms) = postSolution
		{907FCD88-B64D-4574-A125-FCC5BF3B57FE}.Debug|Any CPU.ActiveCfg = Debug|Any CPU
		{907FCD88-B64D-4574-A125-FCC5BF3B57FE}.Debug|Any CPU.Build.0 = Debug|Any CPU
		{907FCD88-B64D-4574-A125-FCC5BF3B57FE}.Release|Any CPU.ActiveCfg = Release|Any CPU
		{907FCD88-B64D-4574-A125-FCC5BF3B57FE}.Release|Any CPU.Build.0 = Release|Any CPU
	EndGlobalSection
	GlobalSection(SolutionProperties) = preSolution
		HideSolutionNode = FALSE
	EndGlobalSection
	GlobalSection(ExtensibilityGlobals) = postSolution
		SolutionGuid = {DAC36C47-9AA9-495F-8AB8-FE75AC80C12E}
	EndGlobalSection
EndGlobal
